
Microsoft Visual Studio Solution File, Format Version 12.00
# Visual Studio Version 16
VisualStudioVersion = 16.0.30225.117
MinimumVisualStudioVersion = 10.0.40219.1
Project("{FAE04EC0-301F-11D3-BF4B-00C04F79EFBC}") = "CreditCalculator", "CreditCalculator.csproj", "{9010D361-A285-4025-B764-6E390C88973D}"
EndProject
Global
	GlobalSection(SolutionConfigurationPlatforms) = preSolution
		Debug|Any CPU = Debug|Any CPU
		Release|Any CPU = Release|Any CPU
	EndGlobalSection
	GlobalSection(ProjectConfigurationPlatforms) = postSolution
		{9010D361-A285-4025-B764-6E390C88973D}.Debug|Any CPU.ActiveCfg = Debug|Any CPU
		{9010D361-A285-4025-B764-6E390C88973D}.Debug|Any CPU.Build.0 = Debug|Any CPU
		{9010D361-A285-4025-B764-6E390C88973D}.Release|Any CPU.ActiveCfg = Release|Any CPU
		{9010D361-A285-4025-B764-6E390C88973D}.Release|Any CPU.Build.0 = Release|Any CPU
	EndGlobalSection
	GlobalSection(SolutionProperties) = preSolution
		HideSolutionNode = FALSE
	EndGlobalSection
	GlobalSection(ExtensibilityGlobals) = postSolution
		SolutionGuid = {0A5737F2-9AA8-432E-BF37-4BBD9E0DF2EA}
	EndGlobalSection
EndGlobal
